
Microsoft Visual Studio Solution File, Format Version 12.00
# Visual Studio Version 16
VisualStudioVersion = 16.0.29905.134
MinimumVisualStudioVersion = 10.0.40219.1
Project("{FAE04EC0-301F-11D3-BF4B-00C04F79EFBC}") = "IntegrationsTests", "IntegrationsTests\IntegrationsTests.csproj", "{84405722-4A58-4F90-AE95-4BD6E54E9BD7}"
EndProject
Global
	GlobalSection(SolutionConfigurationPlatforms) = preSolution
		Debug|Any CPU = Debug|Any CPU
		Release|Any CPU = Release|Any CPU
	EndGlobalSection
	GlobalSection(ProjectConfigurationPlatforms) = postSolution
		{84405722-4A58-4F90-AE95-4BD6E54E9BD7}.Debug|Any CPU.ActiveCfg = Debug|Any CPU
		{84405722-4A58-4F90-AE95-4BD6E54E9BD7}.Debug|Any CPU.Build.0 = Debug|Any CPU
		{84405722-4A58-4F90-AE95-4BD6E54E9BD7}.Release|Any CPU.ActiveCfg = Release|Any CPU
		{84405722-4A58-4F90-AE95-4BD6E54E9BD7}.Release|Any CPU.Build.0 = Release|Any CPU
	EndGlobalSection
	GlobalSection(SolutionProperties) = preSolution
		HideSolutionNode = FALSE
	EndGlobalSection
	GlobalSection(ExtensibilityGlobals) = postSolution
		SolutionGuid = {3296B9C4-2FE5-4B1E-9D9D-E0E505A788F3}
	EndGlobalSection
EndGlobal
